
Microsoft Visual Studio Solution File, Format Version 12.00
# Visual Studio Version 17
VisualStudioVersion = 17.9.34714.143
MinimumVisualStudioVersion = 10.0.40219.1
Project("{9A19103F-16F7-4668-BE54-9A1E7A4F7556}") = "Avelraangame3", "Avelraangame3\Avelraangame3.csproj", "{5F880174-06E9-4A3A-81DF-F1BE28EC93B2}"
EndProject
Project("{9A19103F-16F7-4668-BE54-9A1E7A4F7556}") = "Models", "Models\Models.csproj", "{6581EB10-4FBB-47C2-B3FD-62C7764E0737}"
EndProject
Project("{9A19103F-16F7-4668-BE54-9A1E7A4F7556}") = "Services", "Services\Services.csproj", "{1A42705C-389C-47EB-B575-641942EF2DD3}"
EndProject
Project("{9A19103F-16F7-4668-BE54-9A1E7A4F7556}") = "Tests", "Tests\Tests.csproj", "{F32CC522-A95F-446B-8F78-A9AFB9EAD00A}"
EndProject
Project("{2150E333-8FDC-42A3-9474-1A3956D46DE8}") = "Solution Items", "Solution Items", "{6A164EFE-D403-4018-B4CD-E3A42BF5BDCC}"
	ProjectSection(SolutionItems) = preProject
		.editorconfig = .editorconfig
	EndProjectSection
EndProject
Global
	GlobalSection(SolutionConfigurationPlatforms) = preSolution
		Debug|Any CPU = Debug|Any CPU
		Release|Any CPU = Release|Any CPU
	EndGlobalSection
	GlobalSection(ProjectConfigurationPlatforms) = postSolution
		{5F880174-06E9-4A3A-81DF-F1BE28EC93B2}.Debug|Any CPU.ActiveCfg = Debug|Any CPU
		{5F880174-06E9-4A3A-81DF-F1BE28EC93B2}.Debug|Any CPU.Build.0 = Debug|Any CPU
		{5F880174-06E9-4A3A-81DF-F1BE28EC93B2}.Release|Any CPU.ActiveCfg = Release|Any CPU
		{5F880174-06E9-4A3A-81DF-F1BE28EC93B2}.Release|Any CPU.Build.0 = Release|Any CPU
		{6581EB10-4FBB-47C2-B3FD-62C7764E0737}.Debug|Any CPU.ActiveCfg = Debug|Any CPU
		{6581EB10-4FBB-47C2-B3FD-62C7764E0737}.Debug|Any CPU.Build.0 = Debug|Any CPU
		{6581EB10-4FBB-47C2-B3FD-62C7764E0737}.Release|Any CPU.ActiveCfg = Release|Any CPU
		{6581EB10-4FBB-47C2-B3FD-62C7764E0737}.Release|Any CPU.Build.0 = Release|Any CPU
		{1A42705C-389C-47EB-B575-641942EF2DD3}.Debug|Any CPU.ActiveCfg = Debug|Any CPU
		{1A42705C-389C-47EB-B575-641942EF2DD3}.Debug|Any CPU.Build.0 = Debug|Any CPU
		{1A42705C-389C-47EB-B575-641942EF2DD3}.Release|Any CPU.ActiveCfg = Release|Any CPU
		{1A42705C-389C-47EB-B575-641942EF2DD3}.Release|Any CPU.Build.0 = Release|Any CPU
		{F32CC522-A95F-446B-8F78-A9AFB9EAD00A}.Debug|Any CPU.ActiveCfg = Debug|Any CPU
		{F32CC522-A95F-446B-8F78-A9AFB9EAD00A}.Debug|Any CPU.Build.0 = Debug|Any CPU
		{F32CC522-A95F-446B-8F78-A9AFB9EAD00A}.Release|Any CPU.ActiveCfg = Release|Any CPU
		{F32CC522-A95F-446B-8F78-A9AFB9EAD00A}.Release|Any CPU.Build.0 = Release|Any CPU
	EndGlobalSection
	GlobalSection(SolutionProperties) = preSolution
		HideSolutionNode = FALSE
	EndGlobalSection
	GlobalSection(ExtensibilityGlobals) = postSolution
		SolutionGuid = {63FB8169-25B2-47E9-9834-1D7C617061C2}
	EndGlobalSection
EndGlobal
